
Microsoft Visual Studio Solution File, Format Version 12.00
# Visual Studio Version 16
VisualStudioVersion = 16.0.31019.35
MinimumVisualStudioVersion = 10.0.40219.1
Project("{9A19103F-16F7-4668-BE54-9A1E7A4F7556}") = "WebApp", "WebApp\WebApp.csproj", "{B498CBEE-E9D1-457B-A544-D30E833BD57B}"
EndProject
Project("{2150E333-8FDC-42A3-9474-1A3956D46DE8}") = "Services", "Services", "{CE8EEBAF-90C2-401E-8D5C-DAA1C30603B7}"
EndProject
Project("{9A19103F-16F7-4668-BE54-9A1E7A4F7556}") = "Files.API", "Services\Files.API\Files.API.csproj", "{AE6E8C9B-F665-4A91-8A73-FE237A1E4B98}"
EndProject
Project("{9A19103F-16F7-4668-BE54-9A1E7A4F7556}") = "Posts.API", "Services\Posts.API\Posts.API.csproj", "{3739EAD5-EC81-4DC6-8E2B-150571803188}"
EndProject
Project("{9A19103F-16F7-4668-BE54-9A1E7A4F7556}") = "Developer.API", "Services\Developer.API\Developer.API.csproj", "{90FBC987-BA29-47CC-9B77-5C1A932C4E3D}"
EndProject
Project("{9A19103F-16F7-4668-BE54-9A1E7A4F7556}") = "Gateway.API", "Gateway.API\Gateway.API.csproj", "{4E3F1C33-C886-4B58-8FAE-1D6EE4EFAD34}"
EndProject
Project("{9A19103F-16F7-4668-BE54-9A1E7A4F7556}") = "PaymentAPI", "Services\PaymentAPI\PaymentAPI.csproj", "{E62F0BC5-8E0A-4031-BAB4-A81E7300AFB9}"
EndProject
Project("{9A19103F-16F7-4668-BE54-9A1E7A4F7556}") = "SubscriptionAPI", "SubscriptionAPI\SubscriptionAPI.csproj", "{3CCE4723-A3F7-436C-8199-E1561388D607}"
EndProject
Project("{FAE04EC0-301F-11D3-BF4B-00C04F79EFBC}") = "ChatsAPI", "ChatsAPI\ChatsAPI.csproj", "{4E3641A8-56C1-4ABE-98F4-DE44F3F7DA0D}"
EndProject
Global
	GlobalSection(SolutionConfigurationPlatforms) = preSolution
		Debug|Any CPU = Debug|Any CPU
		Release|Any CPU = Release|Any CPU
	EndGlobalSection
	GlobalSection(ProjectConfigurationPlatforms) = postSolution
		{B498CBEE-E9D1-457B-A544-D30E833BD57B}.Debug|Any CPU.ActiveCfg = Debug|Any CPU
		{B498CBEE-E9D1-457B-A544-D30E833BD57B}.Debug|Any CPU.Build.0 = Debug|Any CPU
		{B498CBEE-E9D1-457B-A544-D30E833BD57B}.Release|Any CPU.ActiveCfg = Release|Any CPU
		{B498CBEE-E9D1-457B-A544-D30E833BD57B}.Release|Any CPU.Build.0 = Release|Any CPU
		{AE6E8C9B-F665-4A91-8A73-FE237A1E4B98}.Debug|Any CPU.ActiveCfg = Debug|Any CPU
		{AE6E8C9B-F665-4A91-8A73-FE237A1E4B98}.Debug|Any CPU.Build.0 = Debug|Any CPU
		{AE6E8C9B-F665-4A91-8A73-FE237A1E4B98}.Release|Any CPU.ActiveCfg = Release|Any CPU
		{AE6E8C9B-F665-4A91-8A73-FE237A1E4B98}.Release|Any CPU.Build.0 = Release|Any CPU
		{3739EAD5-EC81-4DC6-8E2B-150571803188}.Debug|Any CPU.ActiveCfg = Debug|Any CPU
		{3739EAD5-EC81-4DC6-8E2B-150571803188}.Debug|Any CPU.Build.0 = Debug|Any CPU
		{3739EAD5-EC81-4DC6-8E2B-150571803188}.Release|Any CPU.ActiveCfg = Release|Any CPU
		{3739EAD5-EC81-4DC6-8E2B-150571803188}.Release|Any CPU.Build.0 = Release|Any CPU
		{90FBC987-BA29-47CC-9B77-5C1A932C4E3D}.Debug|Any CPU.ActiveCfg = Debug|Any CPU
		{90FBC987-BA29-47CC-9B77-5C1A932C4E3D}.Debug|Any CPU.Build.0 = Debug|Any CPU
		{90FBC987-BA29-47CC-9B77-5C1A932C4E3D}.Release|Any CPU.ActiveCfg = Release|Any CPU
		{90FBC987-BA29-47CC-9B77-5C1A932C4E3D}.Release|Any CPU.Build.0 = Release|Any CPU
		{4E3F1C33-C886-4B58-8FAE-1D6EE4EFAD34}.Debug|Any CPU.ActiveCfg = Debug|Any CPU
		{4E3F1C33-C886-4B58-8FAE-1D6EE4EFAD34}.Debug|Any CPU.Build.0 = Debug|Any CPU
		{4E3F1C33-C886-4B58-8FAE-1D6EE4EFAD34}.Release|Any CPU.ActiveCfg = Release|Any CPU
		{4E3F1C33-C886-4B58-8FAE-1D6EE4EFAD34}.Release|Any CPU.Build.0 = Release|Any CPU
		{E62F0BC5-8E0A-4031-BAB4-A81E7300AFB9}.Debug|Any CPU.ActiveCfg = Debug|Any CPU
		{E62F0BC5-8E0A-4031-BAB4-A81E7300AFB9}.Debug|Any CPU.Build.0 = Debug|Any CPU
		{E62F0BC5-8E0A-4031-BAB4-A81E7300AFB9}.Release|Any CPU.ActiveCfg = Release|Any CPU
		{E62F0BC5-8E0A-4031-BAB4-A81E7300AFB9}.Release|Any CPU.Build.0 = Release|Any CPU
		{3CCE4723-A3F7-436C-8199-E1561388D607}.Debug|Any CPU.ActiveCfg = Debug|Any CPU
		{3CCE4723-A3F7-436C-8199-E1561388D607}.Debug|Any CPU.Build.0 = Debug|Any CPU
		{3CCE4723-A3F7-436C-8199-E1561388D607}.Release|Any CPU.ActiveCfg = Release|Any CPU
		{3CCE4723-A3F7-436C-8199-E1561388D607}.Release|Any CPU.Build.0 = Release|Any CPU
		{4E3641A8-56C1-4ABE-98F4-DE44F3F7DA0D}.Debug|Any CPU.ActiveCfg = Debug|Any CPU
		{4E3641A8-56C1-4ABE-98F4-DE44F3F7DA0D}.Debug|Any CPU.Build.0 = Debug|Any CPU
		{4E3641A8-56C1-4ABE-98F4-DE44F3F7DA0D}.Release|Any CPU.ActiveCfg = Release|Any CPU
		{4E3641A8-56C1-4ABE-98F4-DE44F3F7DA0D}.Release|Any CPU.Build.0 = Release|Any CPU
	EndGlobalSection
	GlobalSection(SolutionProperties) = preSolution
		HideSolutionNode = FALSE
	EndGlobalSection
	GlobalSection(NestedProjects) = preSolution
		{AE6E8C9B-F665-4A91-8A73-FE237A1E4B98} = {CE8EEBAF-90C2-401E-8D5C-DAA1C30603B7}
		{3739EAD5-EC81-4DC6-8E2B-150571803188} = {CE8EEBAF-90C2-401E-8D5C-DAA1C30603B7}
		{90FBC987-BA29-47CC-9B77-5C1A932C4E3D} = {CE8EEBAF-90C2-401E-8D5C-DAA1C30603B7}
		{E62F0BC5-8E0A-4031-BAB4-A81E7300AFB9} = {CE8EEBAF-90C2-401E-8D5C-DAA1C30603B7}
		{3CCE4723-A3F7-436C-8199-E1561388D607} = {CE8EEBAF-90C2-401E-8D5C-DAA1C30603B7}
		{4E3641A8-56C1-4ABE-98F4-DE44F3F7DA0D} = {CE8EEBAF-90C2-401E-8D5C-DAA1C30603B7}
	EndGlobalSection
	GlobalSection(ExtensibilityGlobals) = postSolution
		SolutionGuid = {F565DABB-B37A-48BA-B946-23982893122F}
	EndGlobalSection
EndGlobal
