
Microsoft Visual Studio Solution File, Format Version 12.00
Project("{FAE04EC0-301F-11D3-BF4B-00C04F79EFBC}") = "WebApp", "WebApp\WebApp.csproj", "{B498CBEE-E9D1-457B-A544-D30E833BD57B}"
EndProject
Project("{2150E333-8FDC-42A3-9474-1A3956D46DE8}") = "Services", "Services", "{CE8EEBAF-90C2-401E-8D5C-DAA1C30603B7}"
EndProject
Project("{FAE04EC0-301F-11D3-BF4B-00C04F79EFBC}") = "Files.API", "Services\Files.API\Files.API.csproj", "{AE6E8C9B-F665-4A91-8A73-FE237A1E4B98}"
EndProject
Global
	GlobalSection(SolutionConfigurationPlatforms) = preSolution
		Debug|Any CPU = Debug|Any CPU
		Release|Any CPU = Release|Any CPU
	EndGlobalSection
	GlobalSection(ProjectConfigurationPlatforms) = postSolution
		{B498CBEE-E9D1-457B-A544-D30E833BD57B}.Debug|Any CPU.ActiveCfg = Debug|Any CPU
		{B498CBEE-E9D1-457B-A544-D30E833BD57B}.Debug|Any CPU.Build.0 = Debug|Any CPU
		{B498CBEE-E9D1-457B-A544-D30E833BD57B}.Release|Any CPU.ActiveCfg = Release|Any CPU
		{B498CBEE-E9D1-457B-A544-D30E833BD57B}.Release|Any CPU.Build.0 = Release|Any CPU
		{AE6E8C9B-F665-4A91-8A73-FE237A1E4B98}.Debug|Any CPU.ActiveCfg = Debug|Any CPU
		{AE6E8C9B-F665-4A91-8A73-FE237A1E4B98}.Debug|Any CPU.Build.0 = Debug|Any CPU
		{AE6E8C9B-F665-4A91-8A73-FE237A1E4B98}.Release|Any CPU.ActiveCfg = Release|Any CPU
		{AE6E8C9B-F665-4A91-8A73-FE237A1E4B98}.Release|Any CPU.Build.0 = Release|Any CPU
	EndGlobalSection
	GlobalSection(NestedProjects) = preSolution
		{AE6E8C9B-F665-4A91-8A73-FE237A1E4B98} = {CE8EEBAF-90C2-401E-8D5C-DAA1C30603B7}
	EndGlobalSection
EndGlobal
